dependencies:
  espressif/usb_host_hid:
    component_hash: 824d49e67771af546c29d916bd8d7d3526cd2ff5e082d9021cab66d5f9c2b9bc
    source:
      service_url: https://api.components.espressif.com/
      type: service
    version: 1.0.4
  idf:
    component_hash: null
    source:
      type: idf
    version: 5.4.0
manifest_hash: d72796683f8898bcadadea4a67adee73becfdb138865a596ba5aca9200a7271d
target: esp32s3
version: 1.0.0
