dependencies:
  espressif/led_strip:
    component_hash: 28c6509a727ef74925b372ed404772aeedf11cce10b78c3f69b3c66799095e2d
    source:
      service_url: https://api.components.espressif.com/
      type: service
    version: 2.5.5
  espressif/usb_host_hid:
    component_hash: a6c5366f9b6d80b0d5f56d085d62941464512e0968b96c5877e76a80fcc23f13
    source:
      service_url: https://api.components.espressif.com/
      type: service
    version: 1.2.0
  espressif/usb_host_msc:
    component_hash: a7330d2bc4f81c21fd335df073405085bbad5cdf084a1be79fb52383d0d0d6fd
    source:
      service_url: https://api.components.espressif.com/
      type: service
    version: 1.2.0
  idf:
    component_hash: null
    source:
      type: idf
    version: 5.4.1
  jgromes/radiolib:
    component_hash: 024269f750d7eb181d07bd57ccec5e5e4e276dbb262d681a6501c8e2244e80f0
    source:
      service_url: https://api.components.espressif.com/
      type: service
    version: 7.7.1
manifest_hash: c3ed6fbab079b60da8e1b5958df433ba17c8a11d2196300c7747258acdbd2034
target: esp32s3
version: 1.0.0
